
Microsoft Visual Studio Solution File, Format Version 12.00
# Visual Studio Version 17
VisualStudioVersion = 17.5.33627.172
MinimumVisualStudioVersion = 10.0.40219.1
Project("{9A19103F-16F7-4668-BE54-9A1E7A4F7556}") = "TaskAPI", "TaskAPI\TaskAPI.csproj", "{17713E16-6312-4C40-A9DA-39B164E3758A}"
EndProject
Project("{9A19103F-16F7-4668-BE54-9A1E7A4F7556}") = "TaskAPI.Models", "TaskAPI.Models\TaskAPI.Models.csproj", "{DE3C2FFB-EFE3-4B92-A957-81BAC168CBAD}"
EndProject
Project("{9A19103F-16F7-4668-BE54-9A1E7A4F7556}") = "TaskAPI.Services", "TaskAPI.Services\TaskAPI.Services.csproj", "{C2696CE8-441B-4C69-82CB-39579152450B}"
EndProject
Project("{FAE04EC0-301F-11D3-BF4B-00C04F79EFBC}") = "TaskAPI.DataAccess", "TaskAPI.DataAccess\TaskAPI.DataAccess.csproj", "{55A4F0EB-49CB-4712-964E-CB7B7B77B860}"
EndProject
Global
	GlobalSection(SolutionConfigurationPlatforms) = preSolution
		Debug|Any CPU = Debug|Any CPU
		Release|Any CPU = Release|Any CPU
	EndGlobalSection
	GlobalSection(ProjectConfigurationPlatforms) = postSolution
		{17713E16-6312-4C40-A9DA-39B164E3758A}.Debug|Any CPU.ActiveCfg = Debug|Any CPU
		{17713E16-6312-4C40-A9DA-39B164E3758A}.Debug|Any CPU.Build.0 = Debug|Any CPU
		{17713E16-6312-4C40-A9DA-39B164E3758A}.Release|Any CPU.ActiveCfg = Release|Any CPU
		{17713E16-6312-4C40-A9DA-39B164E3758A}.Release|Any CPU.Build.0 = Release|Any CPU
		{DE3C2FFB-EFE3-4B92-A957-81BAC168CBAD}.Debug|Any CPU.ActiveCfg = Debug|Any CPU
		{DE3C2FFB-EFE3-4B92-A957-81BAC168CBAD}.Debug|Any CPU.Build.0 = Debug|Any CPU
		{DE3C2FFB-EFE3-4B92-A957-81BAC168CBAD}.Release|Any CPU.ActiveCfg = Release|Any CPU
		{DE3C2FFB-EFE3-4B92-A957-81BAC168CBAD}.Release|Any CPU.Build.0 = Release|Any CPU
		{C2696CE8-441B-4C69-82CB-39579152450B}.Debug|Any CPU.ActiveCfg = Debug|Any CPU
		{C2696CE8-441B-4C69-82CB-39579152450B}.Debug|Any CPU.Build.0 = Debug|Any CPU
		{C2696CE8-441B-4C69-82CB-39579152450B}.Release|Any CPU.ActiveCfg = Release|Any CPU
		{C2696CE8-441B-4C69-82CB-39579152450B}.Release|Any CPU.Build.0 = Release|Any CPU
		{55A4F0EB-49CB-4712-964E-CB7B7B77B860}.Debug|Any CPU.ActiveCfg = Debug|Any CPU
		{55A4F0EB-49CB-4712-964E-CB7B7B77B860}.Debug|Any CPU.Build.0 = Debug|Any CPU
		{55A4F0EB-49CB-4712-964E-CB7B7B77B860}.Release|Any CPU.ActiveCfg = Release|Any CPU
		{55A4F0EB-49CB-4712-964E-CB7B7B77B860}.Release|Any CPU.Build.0 = Release|Any CPU
	EndGlobalSection
	GlobalSection(SolutionProperties) = preSolution
		HideSolutionNode = FALSE
	EndGlobalSection
	GlobalSection(ExtensibilityGlobals) = postSolution
		SolutionGuid = {E4E0BCA4-08E5-4B68-A989-51C9732B75DC}
	EndGlobalSection
EndGlobal
